// !$*UTF8*$!
{
	archiveVersion = 1;
	classes = {
	};
	objectVersion = 56;
	objects = {

/* Begin PBXBuildFile section */
		B4701D5C2C95CE8300ACFA92 /* AddAndRemoveRowApp.swift in Sources */ = {isa = PBXBuildFile; fileRef = B4701D5B2C95CE8300ACFA92 /* AddAndRemoveRowApp.swift */; };
		B4701D5E2C95CE8300ACFA92 /* ContentView.swift in Sources */ = {isa = PBXBuildFile; fileRef = B4701D5D2C95CE8300ACFA92 /* ContentView.swift */; };
		B4701D602C95CE8500ACFA92 /* Assets.xcassets in Resources */ = {isa = PBXBuildFile; fileRef = B4701D5F2C95CE8500ACFA92 /* Assets.xcassets */; };
		B4701D632C95CE8500ACFA92 /* Preview Assets.xcassets in Resources */ = {isa = PBXBuildFile; fileRef = B4701D622C95CE8500ACFA92 /* Preview Assets.xcassets */; };
		B4701D6D2C95CE8600ACFA92 /* AddAndRemoveRowTests.swift in Sources */ = {isa = PBXBuildFile; fileRef = B4701D6C2C95CE8600ACFA92 /* AddAndRemoveRowTests.swift */; };
		B4701D772C95CE8600ACFA92 /* AddAndRemoveRowUITests.swift in Sources */ = {isa = PBXBuildFile; fileRef = B4701D762C95CE8600ACFA92 /* AddAndRemoveRowUITests.swift */; };
		B4701D792C95CE8600ACFA92 /* AddAndRemoveRowUITestsLaunchTests.swift in Sources */ = {isa = PBXBuildFile; fileRef = B4701D782C95CE8600ACFA92 /* AddAndRemoveRowUITestsLaunchTests.swift */; };
/* End PBXBuildFile section */

/* Begin PBXContainerItemProxy section */
		B4701D692C95CE8600ACFA92 /* PBXContainerItemProxy */ = {
			isa = PBXContainerItemProxy;
			containerPortal = B4701D502C95CE8300ACFA92 /* Project object */;
			proxyType = 1;
			remoteGlobalIDString = B4701D572C95CE8300ACFA92;
			remoteInfo = AddAndRemoveRow;
		};
		B4701D732C95CE8600ACFA92 /* PBXContainerItemProxy */ = {
			isa = PBXContainerItemProxy;
			containerPortal = B4701D502C95CE8300ACFA92 /* Project object */;
			proxyType = 1;
			remoteGlobalIDString = B4701D572C95CE8300ACFA92;
			remoteInfo = AddAndRemoveRow;
		};
/* End PBXContainerItemProxy section */

/* Begin PBXFileReference section */
		B4701D582C95CE8300ACFA92 /* AddAndRemoveRow.app */ = {isa = PBXFileReference; explicitFileType = wrapper.application; includeInIndex = 0; path = AddAndRemoveRow.app; sourceTree = BUILT_PRODUCTS_DIR; };
		B4701D5B2C95CE8300ACFA92 /* AddAndRemoveRowApp.swift */ = {isa = PBXFileReference; lastKnownFileType = sourcecode.swift; path = AddAndRemoveRowApp.swift; sourceTree = "<group>"; };
		B4701D5D2C95CE8300ACFA92 /* ContentView.swift */ = {isa = PBXFileReference; lastKnownFileType = sourcecode.swift; path = ContentView.swift; sourceTree = "<group>"; };
		B4701D5F2C95CE8500ACFA92 /* Assets.xcassets */ = {isa = PBXFileReference; lastKnownFileType = folder.assetcatalog; path = Assets.xcassets; sourceTree = "<group>"; };
		B4701D622C95CE8500ACFA92 /* Preview Assets.xcassets */ = {isa = PBXFileReference; lastKnownFileType = folder.assetcatalog; path = "Preview Assets.xcassets"; sourceTree = "<group>"; };
		B4701D682C95CE8600ACFA92 /* AddAndRemoveRowTests.xctest */ = {isa = PBXFileReference; explicitFileType = wrapper.cfbundle; includeInIndex = 0; path = AddAndRemoveRowTests.xctest; sourceTree = BUILT_PRODUCTS_DIR; };
		B4701D6C2C95CE8600ACFA92 /* AddAndRemoveRowTests.swift */ = {isa = PBXFileReference; lastKnownFileType = sourcecode.swift; path = AddAndRemoveRowTests.swift; sourceTree = "<group>"; };
		B4701D722C95CE8600ACFA92 /* AddAndRemoveRowUITests.xctest */ = {isa = PBXFileReference; explicitFileType = wrapper.cfbundle; includeInIndex = 0; path = AddAndRemoveRowUITests.xctest; sourceTree = BUILT_PRODUCTS_DIR; };
		B4701D762C95CE8600ACFA92 /* AddAndRemoveRowUITests.swift */ = {isa = PBXFileReference; lastKnownFileType = sourcecode.swift; path = AddAndRemoveRowUITests.swift; sourceTree = "<group>"; };
		B4701D782C95CE8600ACFA92 /* AddAndRemoveRowUITestsLaunchTests.swift */ = {isa = PBXFileReference; lastKnownFileType = sourcecode.swift; path = AddAndRemoveRowUITestsLaunchTests.swift; sourceTree = "<group>"; };
/* End PBXFileReference section */

/* Begin PBXFrameworksBuildPhase section */
		B4701D552C95CE8300ACFA92 /* Frameworks */ = {
			isa = PBXFrameworksBuildPhase;
			buildActionMask = 2147483647;
			files = (
			);
			runOnlyForDeploymentPostprocessing = 0;
		};
		B4701D652C95CE8600ACFA92 /* Frameworks */ = {
			isa = PBXFrameworksBuildPhase;
			buildActionMask = 2147483647;
			files = (
			);
			runOnlyForDeploymentPostprocessing = 0;
		};
		B4701D6F2C95CE8600ACFA92 /* Frameworks */ = {
			isa = PBXFrameworksBuildPhase;
			buildActionMask = 2147483647;
			files = (
			);
			runOnlyForDeploymentPostprocessing = 0;
		};
/* End PBXFrameworksBuildPhase section */

/* Begin PBXGroup section */
		B4701D4F2C95CE8300ACFA92 = {
			isa = PBXGroup;
			children = (
				B4701D5A2C95CE8300ACFA92 /* AddAndRemoveRow */,
				B4701D6B2C95CE8600ACFA92 /* AddAndRemoveRowTests */,
				B4701D752C95CE8600ACFA92 /* AddAndRemoveRowUITests */,
				B4701D592C95CE8300ACFA92 /* Products */,
			);
			sourceTree = "<group>";
		};
		B4701D592C95CE8300ACFA92 /* Products */ = {
			isa = PBXGroup;
			children = (
				B4701D582C95CE8300ACFA92 /* AddAndRemoveRow.app */,
				B4701D682C95CE8600ACFA92 /* AddAndRemoveRowTests.xctest */,
				B4701D722C95CE8600ACFA92 /* AddAndRemoveRowUITests.xctest */,
			);
			name = Products;
			sourceTree = "<group>";
		};
		B4701D5A2C95CE8300ACFA92 /* AddAndRemoveRow */ = {
			isa = PBXGroup;
			children = (
				B4701D5B2C95CE8300ACFA92 /* AddAndRemoveRowApp.swift */,
				B4701D5D2C95CE8300ACFA92 /* ContentView.swift */,
				B4701D5F2C95CE8500ACFA92 /* Assets.xcassets */,
				B4701D612C95CE8500ACFA92 /* Preview Content */,
			);
			path = AddAndRemoveRow;
			sourceTree = "<group>";
		};
		B4701D612C95CE8500ACFA92 /* Preview Content */ = {
			isa = PBXGroup;
			children = (
				B4701D622C95CE8500ACFA92 /* Preview Assets.xcassets */,
			);
			path = "Preview Content";
			sourceTree = "<group>";
		};
		B4701D6B2C95CE8600ACFA92 /* AddAndRemoveRowTests */ = {
			isa = PBXGroup;
			children = (
				B4701D6C2C95CE8600ACFA92 /* AddAndRemoveRowTests.swift */,
			);
			path = AddAndRemoveRowTests;
			sourceTree = "<group>";
		};
		B4701D752C95CE8600ACFA92 /* AddAndRemoveRowUITests */ = {
			isa = PBXGroup;
			children = (
				B4701D762C95CE8600ACFA92 /* AddAndRemoveRowUITests.swift */,
				B4701D782C95CE8600ACFA92 /* AddAndRemoveRowUITestsLaunchTests.swift */,
			);
			path = AddAndRemoveRowUITests;
			sourceTree = "<group>";
		};
/* End PBXGroup section */

/* Begin PBXNativeTarget section */
		B4701D572C95CE8300ACFA92 /* AddAndRemoveRow */ = {
			isa = PBXNativeTarget;
			buildConfigurationList = B4701D7C2C95CE8600ACFA92 /* Build configuration list for PBXNativeTarget "AddAndRemoveRow" */;
			buildPhases = (
				B4701D542C95CE8300ACFA92 /* Sources */,
				B4701D552C95CE8300ACFA92 /* Frameworks */,
				B4701D562C95CE8300ACFA92 /* Resources */,
			);
			buildRules = (
			);
			dependencies = (
			);
			name = AddAndRemoveRow;
			productName = AddAndRemoveRow;
			productReference = B4701D582C95CE8300ACFA92 /* AddAndRemoveRow.app */;
			productType = "com.apple.product-type.application";
		};
		B4701D672C95CE8600ACFA92 /* AddAndRemoveRowTests */ = {
			isa = PBXNativeTarget;
			buildConfigurationList = B4701D7F2C95CE8600ACFA92 /* Build configuration list for PBXNativeTarget "AddAndRemoveRowTests" */;
			buildPhases = (
				B4701D642C95CE8600ACFA92 /* Sources */,
				B4701D652C95CE8600ACFA92 /* Frameworks */,
				B4701D662C95CE8600ACFA92 /* Resources */,
			);
			buildRules = (
			);
			dependencies = (
				B4701D6A2C95CE8600ACFA92 /* PBXTargetDependency */,
			);
			name = AddAndRemoveRowTests;
			productName = AddAndRemoveRowTests;
			productReference = B4701D682C95CE8600ACFA92 /* AddAndRemoveRowTests.xctest */;
			productType = "com.apple.product-type.bundle.unit-test";
		};
		B4701D712C95CE8600ACFA92 /* AddAndRemoveRowUITests */ = {
			isa = PBXNativeTarget;
			buildConfigurationList = B4701D822C95CE8600ACFA92 /* Build configuration list for PBXNativeTarget "AddAndRemoveRowUITests" */;
			buildPhases = (
				B4701D6E2C95CE8600ACFA92 /* Sources */,
				B4701D6F2C95CE8600ACFA92 /* Frameworks */,
				B4701D702C95CE8600ACFA92 /* Resources */,
			);
			buildRules = (
			);
			dependencies = (
				B4701D742C95CE8600ACFA92 /* PBXTargetDependency */,
			);
			name = AddAndRemoveRowUITests;
			productName = AddAndRemoveRowUITests;
			productReference = B4701D722C95CE8600ACFA92 /* AddAndRemoveRowUITests.xctest */;
			productType = "com.apple.product-type.bundle.ui-testing";
		};
/* End PBXNativeTarget section */

/* Begin PBXProject section */
		B4701D502C95CE8300ACFA92 /* Project object */ = {
			isa = PBXProject;
			attributes = {
				BuildIndependentTargetsInParallel = 1;
				LastSwiftUpdateCheck = 1500;
				LastUpgradeCheck = 1500;
				TargetAttributes = {
					B4701D572C95CE8300ACFA92 = {
						CreatedOnToolsVersion = 15.0.1;
					};
					B4701D672C95CE8600ACFA92 = {
						CreatedOnToolsVersion = 15.0.1;
						TestTargetID = B4701D572C95CE8300ACFA92;
					};
					B4701D712C95CE8600ACFA92 = {
						CreatedOnToolsVersion = 15.0.1;
						TestTargetID = B4701D572C95CE8300ACFA92;
					};
				};
			};
			buildConfigurationList = B4701D532C95CE8300ACFA92 /* Build configuration list for PBXProject "AddAndRemoveRow" */;
			compatibilityVersion = "Xcode 14.0";
			developmentRegion = en;
			hasScannedForEncodings = 0;
			knownRegions = (
				en,
				Base,
			);
			mainGroup = B4701D4F2C95CE8300ACFA92;
			productRefGroup = B4701D592C95CE8300ACFA92 /* Products */;
			projectDirPath = "";
			projectRoot = "";
			targets = (
				B4701D572C95CE8300ACFA92 /* AddAndRemoveRow */,
				B4701D672C95CE8600ACFA92 /* AddAndRemoveRowTests */,
				B4701D712C95CE8600ACFA92 /* AddAndRemoveRowUITests */,
			);
		};
/* End PBXProject section */

/* Begin PBXResourcesBuildPhase section */
		B4701D562C95CE8300ACFA92 /* Resources */ = {
			isa = PBXResourcesBuildPhase;
			buildActionMask = 2147483647;
			files = (
				B4701D632C95CE8500ACFA92 /* Preview Assets.xcassets in Resources */,
				B4701D602C95CE8500ACFA92 /* Assets.xcassets in Resources */,
			);
			runOnlyForDeploymentPostprocessing = 0;
		};
		B4701D662C95CE8600ACFA92 /* Resources */ = {
			isa = PBXResourcesBuildPhase;
			buildActionMask = 2147483647;
			files = (
			);
			runOnlyForDeploymentPostprocessing = 0;
		};
		B4701D702C95CE8600ACFA92 /* Resources */ = {
			isa = PBXResourcesBuildPhase;
			buildActionMask = 2147483647;
			files = (
			);
			runOnlyForDeploymentPostprocessing = 0;
		};
/* End PBXResourcesBuildPhase section */

/* Begin PBXSourcesBuildPhase section */
		B4701D542C95CE8300ACFA92 /* Sources */ = {
			isa = PBXSourcesBuildPhase;
			buildActionMask = 2147483647;
			files = (
				B4701D5E2C95CE8300ACFA92 /* ContentView.swift in Sources */,
				B4701D5C2C95CE8300ACFA92 /* AddAndRemoveRowApp.swift in Sources */,
			);
			runOnlyForDeploymentPostprocessing = 0;
		};
		B4701D642C95CE8600ACFA92 /* Sources */ = {
			isa = PBXSourcesBuildPhase;
			buildActionMask = 2147483647;
			files = (
				B4701D6D2C95CE8600ACFA92 /* AddAndRemoveRowTests.swift in Sources */,
			);
			runOnlyForDeploymentPostprocessing = 0;
		};
		B4701D6E2C95CE8600ACFA92 /* Sources */ = {
			isa = PBXSourcesBuildPhase;
			buildActionMask = 2147483647;
			files = (
				B4701D772C95CE8600ACFA92 /* AddAndRemoveRowUITests.swift in Sources */,
				B4701D792C95CE8600ACFA92 /* AddAndRemoveRowUITestsLaunchTests.swift in Sources */,
			);
			runOnlyForDeploymentPostprocessing = 0;
		};
/* End PBXSourcesBuildPhase section */

/* Begin PBXTargetDependency section */
		B4701D6A2C95CE8600ACFA92 /* PBXTargetDependency */ = {
			isa = PBXTargetDependency;
			target = B4701D572C95CE8300ACFA92 /* AddAndRemoveRow */;
			targetProxy = B4701D692C95CE8600ACFA92 /* PBXContainerItemProxy */;
		};
		B4701D742C95CE8600ACFA92 /* PBXTargetDependency */ = {
			isa = PBXTargetDependency;
			target = B4701D572C95CE8300ACFA92 /* AddAndRemoveRow */;
			targetProxy = B4701D732C95CE8600ACFA92 /* PBXContainerItemProxy */;
		};
/* End PBXTargetDependency section */

/* Begin XCBuildConfiguration section */
		B4701D7A2C95CE8600ACFA92 /* Debug */ = {
			isa = XCBuildConfiguration;
			buildSettings = {
				ALWAYS_SEARCH_USER_PATHS = NO;
				ASSETCATALOG_COMPILER_GENERATE_SWIFT_ASSET_SYMBOL_EXTENSIONS = YES;
				CLANG_ANALYZER_NONNULL = YES;
				CLANG_ANALYZER_NUMBER_OBJECT_CONVERSION = YES_AGGRESSIVE;
				CLANG_CXX_LANGUAGE_STANDARD = "gnu++20";
				CLANG_ENABLE_MODULES = YES;
				CLANG_ENABLE_OBJC_ARC = YES;
				CLANG_ENABLE_OBJC_WEAK = YES;
				CLANG_WARN_BLOCK_CAPTURE_AUTORELEASING = YES;
				CLANG_WARN_BOOL_CONVERSION = YES;
				CLANG_WARN_COMMA = YES;
				CLANG_WARN_CONSTANT_CONVERSION = YES;
				CLANG_WARN_DEPRECATED_OBJC_IMPLEMENTATIONS = YES;
				CLANG_WARN_DIRECT_OBJC_ISA_USAGE = YES_ERROR;
				CLANG_WARN_DOCUMENTATION_COMMENTS = YES;
				CLANG_WARN_EMPTY_BODY = YES;
				CLANG_WARN_ENUM_CONVERSION = YES;
				CLANG_WARN_INFINITE_RECURSION = YES;
				CLANG_WARN_INT_CONVERSION = YES;
				CLANG_WARN_NON_LITERAL_NULL_CONVERSION = YES;
				CLANG_WARN_OBJC_IMPLICIT_RETAIN_SELF = YES;
				CLANG_WARN_OBJC_LITERAL_CONVERSION = YES;
				CLANG_WARN_OBJC_ROOT_CLASS = YES_ERROR;
				CLANG_WARN_QUOTED_INCLUDE_IN_FRAMEWORK_HEADER = YES;
				CLANG_WARN_RANGE_LOOP_ANALYSIS = YES;
				CLANG_WARN_STRICT_PROTOTYPES = YES;
				CLANG_WARN_SUSPICIOUS_MOVE = YES;
				CLANG_WARN_UNGUARDED_AVAILABILITY = YES_AGGRESSIVE;
				CLANG_WARN_UNREACHABLE_CODE = YES;
				CLANG_WARN__DUPLICATE_METHOD_MATCH = YES;
				COPY_PHASE_STRIP = NO;
				DEBUG_INFORMATION_FORMAT = dwarf;
				ENABLE_STRICT_OBJC_MSGSEND = YES;
				ENABLE_TESTABILITY = YES;
				ENABLE_USER_SCRIPT_SANDBOXING = YES;
				GCC_C_LANGUAGE_STANDARD = gnu17;
				GCC_DYNAMIC_NO_PIC = NO;
				GCC_NO_COMMON_BLOCKS = YES;
				GCC_OPTIMIZATION_LEVEL = 0;
				GCC_PREPROCESSOR_DEFINITIONS = (
					"DEBUG=1",
					"$(inherited)",
				);
				GCC_WARN_64_TO_32_BIT_CONVERSION = YES;
				GCC_WARN_ABOUT_RETURN_TYPE = YES_ERROR;
				GCC_WARN_UNDECLARED_SELECTOR = YES;
				GCC_WARN_UNINITIALIZED_AUTOS = YES_AGGRESSIVE;
				GCC_WARN_UNUSED_FUNCTION = YES;
				GCC_WARN_UNUSED_VARIABLE = YES;
				IPHONEOS_DEPLOYMENT_TARGET = 17.0;
				LOCALIZATION_PREFERS_STRING_CATALOGS = YES;
				MTL_ENABLE_DEBUG_INFO = INCLUDE_SOURCE;
				MTL_FAST_MATH = YES;
				ONLY_ACTIVE_ARCH = YES;
				SDKROOT = iphoneos;
				SWIFT_ACTIVE_COMPILATION_CONDITIONS = "DEBUG $(inherited)";
				SWIFT_OPTIMIZATION_LEVEL = "-Onone";
			};
			name = Debug;
		};
		B4701D7B2C95CE8600ACFA92 /* Release */ = {
			isa = XCBuildConfiguration;
			buildSettings = {
				ALWAYS_SEARCH_USER_PATHS = NO;
				ASSETCATALOG_COMPILER_GENERATE_SWIFT_ASSET_SYMBOL_EXTENSIONS = YES;
				CLANG_ANALYZER_NONNULL = YES;
				CLANG_ANALYZER_NUMBER_OBJECT_CONVERSION = YES_AGGRESSIVE;
				CLANG_CXX_LANGUAGE_STANDARD = "gnu++20";
				CLANG_ENABLE_MODULES = YES;
				CLANG_ENABLE_OBJC_ARC = YES;
				CLANG_ENABLE_OBJC_WEAK = YES;
				CLANG_WARN_BLOCK_CAPTURE_AUTORELEASING = YES;
				CLANG_WARN_BOOL_CONVERSION = YES;
				CLANG_WARN_COMMA = YES;
				CLANG_WARN_CONSTANT_CONVERSION = YES;
				CLANG_WARN_DEPRECATED_OBJC_IMPLEMENTATIONS = YES;
				CLANG_WARN_DIRECT_OBJC_ISA_USAGE = YES_ERROR;
				CLANG_WARN_DOCUMENTATION_COMMENTS = YES;
				CLANG_WARN_EMPTY_BODY = YES;
				CLANG_WARN_ENUM_CONVERSION = YES;
				CLANG_WARN_INFINITE_RECURSION = YES;
				CLANG_WARN_INT_CONVERSION = YES;
				CLANG_WARN_NON_LITERAL_NULL_CONVERSION = YES;
				CLANG_WARN_OBJC_IMPLICIT_RETAIN_SELF = YES;
				CLANG_WARN_OBJC_LITERAL_CONVERSION = YES;
				CLANG_WARN_OBJC_ROOT_CLASS = YES_ERROR;
				CLANG_WARN_QUOTED_INCLUDE_IN_FRAMEWORK_HEADER = YES;
				CLANG_WARN_RANGE_LOOP_ANALYSIS = YES;
				CLANG_WARN_STRICT_PROTOTYPES = YES;
				CLANG_WARN_SUSPICIOUS_MOVE = YES;
				CLANG_WARN_UNGUARDED_AVAILABILITY = YES_AGGRESSIVE;
				CLANG_WARN_UNREACHABLE_CODE = YES;
				CLANG_WARN__DUPLICATE_METHOD_MATCH = YES;
				COPY_PHASE_STRIP = NO;
				DEBUG_INFORMATION_FORMAT = "dwarf-with-dsym";
				ENABLE_NS_ASSERTIONS = NO;
				ENABLE_STRICT_OBJC_MSGSEND = YES;
				ENABLE_USER_SCRIPT_SANDBOXING = YES;
				GCC_C_LANGUAGE_STANDARD = gnu17;
				GCC_NO_COMMON_BLOCKS = YES;
				GCC_WARN_64_TO_32_BIT_CONVERSION = YES;
				GCC_WARN_ABOUT_RETURN_TYPE = YES_ERROR;
				GCC_WARN_UNDECLARED_SELECTOR = YES;
				GCC_WARN_UNINITIALIZED_AUTOS = YES_AGGRESSIVE;
				GCC_WARN_UNUSED_FUNCTION = YES;
				GCC_WARN_UNUSED_VARIABLE = YES;
				IPHONEOS_DEPLOYMENT_TARGET = 17.0;
				LOCALIZATION_PREFERS_STRING_CATALOGS = YES;
				MTL_ENABLE_DEBUG_INFO = NO;
				MTL_FAST_MATH = YES;
				SDKROOT = iphoneos;
				SWIFT_COMPILATION_MODE = wholemodule;
				VALIDATE_PRODUCT = YES;
			};
			name = Release;
		};
		B4701D7D2C95CE8600ACFA92 /* Debug */ = {
			isa = XCBuildConfiguration;
			buildSettings = {
				ASSETCATALOG_COMPILER_APPICON_NAME = AppIcon;
				ASSETCATALOG_COMPILER_GLOBAL_ACCENT_COLOR_NAME = AccentColor;
				CODE_SIGN_STYLE = Automatic;
				CURRENT_PROJECT_VERSION = 1;
				DEVELOPMENT_ASSET_PATHS = "\"AddAndRemoveRow/Preview Content\"";
				ENABLE_PREVIEWS = YES;
				GENERATE_INFOPLIST_FILE = YES;
				INFOPLIST_KEY_UIApplicationSceneManifest_Generation = YES;
				INFOPLIST_KEY_UIApplicationSupportsIndirectInputEvents = YES;
				INFOPLIST_KEY_UILaunchScreen_Generation = YES;
				INFOPLIST_KEY_UISupportedInterfaceOrientations_iPad = "UIInterfaceOrientationPortrait UIInterfaceOrientationPortraitUpsideDown UIInterfaceOrientationLandscapeLeft UIInterfaceOrientationLandscapeRight";
				INFOPLIST_KEY_UISupportedInterfaceOrientations_iPhone = "UIInterfaceOrientationPortrait UIInterfaceOrientationLandscapeLeft UIInterfaceOrientationLandscapeRight";
				LD_RUNPATH_SEARCH_PATHS = (
					"$(inherited)",
					"@executable_path/Frameworks",
				);
				MARKETING_VERSION = 1.0;
				PRODUCT_BUNDLE_IDENTIFIER = manto.AddAndRemoveRow;
				PRODUCT_NAME = "$(TARGET_NAME)";
				SWIFT_EMIT_LOC_STRINGS = YES;
				SWIFT_VERSION = 5.0;
				TARGETED_DEVICE_FAMILY = "1,2";
			};
			name = Debug;
		};
		B4701D7E2C95CE8600ACFA92 /* Release */ = {
			isa = XCBuildConfiguration;
			buildSettings = {
				ASSETCATALOG_COMPILER_APPICON_NAME = AppIcon;
				ASSETCATALOG_COMPILER_GLOBAL_ACCENT_COLOR_NAME = AccentColor;
				CODE_SIGN_STYLE = Automatic;
				CURRENT_PROJECT_VERSION = 1;
				DEVELOPMENT_ASSET_PATHS = "\"AddAndRemoveRow/Preview Content\"";
				ENABLE_PREVIEWS = YES;
				GENERATE_INFOPLIST_FILE = YES;
				INFOPLIST_KEY_UIApplicationSceneManifest_Generation = YES;
				INFOPLIST_KEY_UIApplicationSupportsIndirectInputEvents = YES;
				INFOPLIST_KEY_UILaunchScreen_Generation = YES;
				INFOPLIST_KEY_UISupportedInterfaceOrientations_iPad = "UIInterfaceOrientationPortrait UIInterfaceOrientationPortraitUpsideDown UIInterfaceOrientationLandscapeLeft UIInterfaceOrientationLandscapeRight";
				INFOPLIST_KEY_UISupportedInterfaceOrientations_iPhone = "UIInterfaceOrientationPortrait UIInterfaceOrientationLandscapeLeft UIInterfaceOrientationLandscapeRight";
				LD_RUNPATH_SEARCH_PATHS = (
					"$(inherited)",
					"@executable_path/Frameworks",
				);
				MARKETING_VERSION = 1.0;
				PRODUCT_BUNDLE_IDENTIFIER = manto.AddAndRemoveRow;
				PRODUCT_NAME = "$(TARGET_NAME)";
				SWIFT_EMIT_LOC_STRINGS = YES;
				SWIFT_VERSION = 5.0;
				TARGETED_DEVICE_FAMILY = "1,2";
			};
			name = Release;
		};
		B4701D802C95CE8600ACFA92 /* Debug */ = {
			isa = XCBuildConfiguration;
			buildSettings = {
				ALWAYS_EMBED_SWIFT_STANDARD_LIBRARIES = YES;
				BUNDLE_LOADER = "$(TEST_HOST)";
				CODE_SIGN_STYLE = Automatic;
				CURRENT_PROJECT_VERSION = 1;
				GENERATE_INFOPLIST_FILE = YES;
				IPHONEOS_DEPLOYMENT_TARGET = 17.0;
				MARKETING_VERSION = 1.0;
				PRODUCT_BUNDLE_IDENTIFIER = manto.AddAndRemoveRowTests;
				PRODUCT_NAME = "$(TARGET_NAME)";
				SWIFT_EMIT_LOC_STRINGS = NO;
				SWIFT_VERSION = 5.0;
				TARGETED_DEVICE_FAMILY = "1,2";
				TEST_HOST = "$(BUILT_PRODUCTS_DIR)/AddAndRemoveRow.app/$(BUNDLE_EXECUTABLE_FOLDER_PATH)/AddAndRemoveRow";
			};
			name = Debug;
		};
		B4701D812C95CE8600ACFA92 /* Release */ = {
			isa = XCBuildConfiguration;
			buildSettings = {
				ALWAYS_EMBED_SWIFT_STANDARD_LIBRARIES = YES;
				BUNDLE_LOADER = "$(TEST_HOST)";
				CODE_SIGN_STYLE = Automatic;
				CURRENT_PROJECT_VERSION = 1;
				GENERATE_INFOPLIST_FILE = YES;
				IPHONEOS_DEPLOYMENT_TARGET = 17.0;
				MARKETING_VERSION = 1.0;
				PRODUCT_BUNDLE_IDENTIFIER = manto.AddAndRemoveRowTests;
				PRODUCT_NAME = "$(TARGET_NAME)";
				SWIFT_EMIT_LOC_STRINGS = NO;
				SWIFT_VERSION = 5.0;
				TARGETED_DEVICE_FAMILY = "1,2";
				TEST_HOST = "$(BUILT_PRODUCTS_DIR)/AddAndRemoveRow.app/$(BUNDLE_EXECUTABLE_FOLDER_PATH)/AddAndRemoveRow";
			};
			name = Release;
		};
		B4701D832C95CE8600ACFA92 /* Debug */ = {
			isa = XCBuildConfiguration;
			buildSettings = {
				ALWAYS_EMBED_SWIFT_STANDARD_LIBRARIES = YES;
				CODE_SIGN_STYLE = Automatic;
				CURRENT_PROJECT_VERSION = 1;
				GENERATE_INFOPLIST_FILE = YES;
				MARKETING_VERSION = 1.0;
				PRODUCT_BUNDLE_IDENTIFIER = manto.AddAndRemoveRowUITests;
				PRODUCT_NAME = "$(TARGET_NAME)";
				SWIFT_EMIT_LOC_STRINGS = NO;
				SWIFT_VERSION = 5.0;
				TARGETED_DEVICE_FAMILY = "1,2";
				TEST_TARGET_NAME = AddAndRemoveRow;
			};
			name = Debug;
		};
		B4701D842C95CE8600ACFA92 /* Release */ = {
			isa = XCBuildConfiguration;
			buildSettings = {
				ALWAYS_EMBED_SWIFT_STANDARD_LIBRARIES = YES;
				CODE_SIGN_STYLE = Automatic;
				CURRENT_PROJECT_VERSION = 1;
				GENERATE_INFOPLIST_FILE = YES;
				MARKETING_VERSION = 1.0;
				PRODUCT_BUNDLE_IDENTIFIER = manto.AddAndRemoveRowUITests;
				PRODUCT_NAME = "$(TARGET_NAME)";
				SWIFT_EMIT_LOC_STRINGS = NO;
				SWIFT_VERSION = 5.0;
				TARGETED_DEVICE_FAMILY = "1,2";
				TEST_TARGET_NAME = AddAndRemoveRow;
			};
			name = Release;
		};
/* End XCBuildConfiguration section */

/* Begin XCConfigurationList section */
		B4701D532C95CE8300ACFA92 /* Build configuration list for PBXProject "AddAndRemoveRow" */ = {
			isa = XCConfigurationList;
			buildConfigurations = (
				B4701D7A2C95CE8600ACFA92 /* Debug */,
				B4701D7B2C95CE8600ACFA92 /* Release */,
			);
			defaultConfigurationIsVisible = 0;
			defaultConfigurationName = Release;
		};
		B4701D7C2C95CE8600ACFA92 /* Build configuration list for PBXNativeTarget "AddAndRemoveRow" */ = {
			isa = XCConfigurationList;
			buildConfigurations = (
				B4701D7D2C95CE8600ACFA92 /* Debug */,
				B4701D7E2C95CE8600ACFA92 /* Release */,
			);
			defaultConfigurationIsVisible = 0;
			defaultConfigurationName = Release;
		};
		B4701D7F2C95CE8600ACFA92 /* Build configuration list for PBXNativeTarget "AddAndRemoveRowTests" */ = {
			isa = XCConfigurationList;
			buildConfigurations = (
				B4701D802C95CE8600ACFA92 /* Debug */,
				B4701D812C95CE8600ACFA92 /* Release */,
			);
			defaultConfigurationIsVisible = 0;
			defaultConfigurationName = Release;
		};
		B4701D822C95CE8600ACFA92 /* Build configuration list for PBXNativeTarget "AddAndRemoveRowUITests" */ = {
			isa = XCConfigurationList;
			buildConfigurations = (
				B4701D832C95CE8600ACFA92 /* Debug */,
				B4701D842C95CE8600ACFA92 /* Release */,
			);
			defaultConfigurationIsVisible = 0;
			defaultConfigurationName = Release;
		};
/* End XCConfigurationList section */
	};
	rootObject = B4701D502C95CE8300ACFA92 /* Project object */;
}
